
Microsoft Visual Studio Solution File, Format Version 12.00
# Visual Studio Version 17
VisualStudioVersion = 17.0.31912.275
MinimumVisualStudioVersion = 10.0.40219.1
Project("{9A19103F-16F7-4668-BE54-9A1E7A4F7556}") = "SantasToolbox", "SantasToolbox\SantasToolbox.csproj", "{460D6357-486B-48A0-A952-A7015BFCB906}"
EndProject
Project("{9A19103F-16F7-4668-BE54-9A1E7A4F7556}") = "SantasToolBoxTests", "SantasToolBoxTests\SantasToolBoxTests.csproj", "{29B87691-90DB-41C8-9D19-4B8EE5D9741C}"
EndProject
Project("{9A19103F-16F7-4668-BE54-9A1E7A4F7556}") = "Day_Template", "Day_Template\Day_Template.csproj", "{5BDABAFF-024D-45D2-BEF1-82AA17850418}"
EndProject
EndProject
Global
	GlobalSection(SolutionConfigurationPlatforms) = preSolution
		Debug|Any CPU = Debug|Any CPU
		Release|Any CPU = Release|Any CPU
	EndGlobalSection
	GlobalSection(ProjectConfigurationPlatforms) = postSolution
		{460D6357-486B-48A0-A952-A7015BFCB906}.Debug|Any CPU.ActiveCfg = Debug|Any CPU
		{460D6357-486B-48A0-A952-A7015BFCB906}.Debug|Any CPU.Build.0 = Debug|Any CPU
		{460D6357-486B-48A0-A952-A7015BFCB906}.Release|Any CPU.ActiveCfg = Release|Any CPU
		{460D6357-486B-48A0-A952-A7015BFCB906}.Release|Any CPU.Build.0 = Release|Any CPU
		{29B87691-90DB-41C8-9D19-4B8EE5D9741C}.Debug|Any CPU.ActiveCfg = Debug|Any CPU
		{29B87691-90DB-41C8-9D19-4B8EE5D9741C}.Debug|Any CPU.Build.0 = Debug|Any CPU
		{29B87691-90DB-41C8-9D19-4B8EE5D9741C}.Release|Any CPU.ActiveCfg = Release|Any CPU
		{29B87691-90DB-41C8-9D19-4B8EE5D9741C}.Release|Any CPU.Build.0 = Release|Any CPU
		{5BDABAFF-024D-45D2-BEF1-82AA17850418}.Debug|Any CPU.ActiveCfg = Debug|Any CPU
		{5BDABAFF-024D-45D2-BEF1-82AA17850418}.Debug|Any CPU.Build.0 = Debug|Any CPU
		{5BDABAFF-024D-45D2-BEF1-82AA17850418}.Release|Any CPU.ActiveCfg = Release|Any CPU
		{5BDABAFF-024D-45D2-BEF1-82AA17850418}.Release|Any CPU.Build.0 = Release|Any CPU
		{20C22CA3-FD50-46DC-9089-8FE3CD553C89}.Debug|Any CPU.ActiveCfg = Debug|Any CPU
		{20C22CA3-FD50-46DC-9089-8FE3CD553C89}.Debug|Any CPU.Build.0 = Debug|Any CPU
		{20C22CA3-FD50-46DC-9089-8FE3CD553C89}.Release|Any CPU.ActiveCfg = Release|Any CPU
		{20C22CA3-FD50-46DC-9089-8FE3CD553C89}.Release|Any CPU.Build.0 = Release|Any CPU
		{6CD34D62-504A-4E28-A82A-BCD9FF080860}.Debug|Any CPU.ActiveCfg = Debug|Any CPU
		{6CD34D62-504A-4E28-A82A-BCD9FF080860}.Debug|Any CPU.Build.0 = Debug|Any CPU
		{6CD34D62-504A-4E28-A82A-BCD9FF080860}.Release|Any CPU.ActiveCfg = Release|Any CPU
		{6CD34D62-504A-4E28-A82A-BCD9FF080860}.Release|Any CPU.Build.0 = Release|Any CPU
		{CE0004C0-9CD1-436D-BFA3-D36A396C9308}.Debug|Any CPU.ActiveCfg = Debug|Any CPU
		{CE0004C0-9CD1-436D-BFA3-D36A396C9308}.Debug|Any CPU.Build.0 = Debug|Any CPU
		{CE0004C0-9CD1-436D-BFA3-D36A396C9308}.Release|Any CPU.ActiveCfg = Release|Any CPU
		{CE0004C0-9CD1-436D-BFA3-D36A396C9308}.Release|Any CPU.Build.0 = Release|Any CPU
		{8BA8F025-E847-4EED-B4FF-2382BD242A34}.Debug|Any CPU.ActiveCfg = Debug|Any CPU
		{8BA8F025-E847-4EED-B4FF-2382BD242A34}.Debug|Any CPU.Build.0 = Debug|Any CPU
		{8BA8F025-E847-4EED-B4FF-2382BD242A34}.Release|Any CPU.ActiveCfg = Release|Any CPU
		{8BA8F025-E847-4EED-B4FF-2382BD242A34}.Release|Any CPU.Build.0 = Release|Any CPU
		{BDB162AD-B382-49BE-8129-0619CF881C23}.Debug|Any CPU.ActiveCfg = Debug|Any CPU
		{BDB162AD-B382-49BE-8129-0619CF881C23}.Debug|Any CPU.Build.0 = Debug|Any CPU
		{BDB162AD-B382-49BE-8129-0619CF881C23}.Release|Any CPU.ActiveCfg = Release|Any CPU
		{BDB162AD-B382-49BE-8129-0619CF881C23}.Release|Any CPU.Build.0 = Release|Any CPU
		{FCD5F16F-8C45-4C32-9C90-C655D37FF24B}.Debug|Any CPU.ActiveCfg = Debug|Any CPU
		{FCD5F16F-8C45-4C32-9C90-C655D37FF24B}.Debug|Any CPU.Build.0 = Debug|Any CPU
		{FCD5F16F-8C45-4C32-9C90-C655D37FF24B}.Release|Any CPU.ActiveCfg = Release|Any CPU
		{FCD5F16F-8C45-4C32-9C90-C655D37FF24B}.Release|Any CPU.Build.0 = Release|Any CPU
		{2E551D46-8A2A-4118-962B-5A583C3AA8F1}.Debug|Any CPU.ActiveCfg = Debug|Any CPU
		{2E551D46-8A2A-4118-962B-5A583C3AA8F1}.Debug|Any CPU.Build.0 = Debug|Any CPU
		{2E551D46-8A2A-4118-962B-5A583C3AA8F1}.Release|Any CPU.ActiveCfg = Release|Any CPU
		{2E551D46-8A2A-4118-962B-5A583C3AA8F1}.Release|Any CPU.Build.0 = Release|Any CPU
		{CC773F36-6E07-4EE1-95C5-3D89D24B7D23}.Debug|Any CPU.ActiveCfg = Debug|Any CPU
		{CC773F36-6E07-4EE1-95C5-3D89D24B7D23}.Debug|Any CPU.Build.0 = Debug|Any CPU
		{CC773F36-6E07-4EE1-95C5-3D89D24B7D23}.Release|Any CPU.ActiveCfg = Release|Any CPU
		{CC773F36-6E07-4EE1-95C5-3D89D24B7D23}.Release|Any CPU.Build.0 = Release|Any CPU
		{FD39D0B8-A465-4466-8237-6E38A271CC56}.Debug|Any CPU.ActiveCfg = Debug|Any CPU
		{FD39D0B8-A465-4466-8237-6E38A271CC56}.Debug|Any CPU.Build.0 = Debug|Any CPU
		{FD39D0B8-A465-4466-8237-6E38A271CC56}.Release|Any CPU.ActiveCfg = Release|Any CPU
		{FD39D0B8-A465-4466-8237-6E38A271CC56}.Release|Any CPU.Build.0 = Release|Any CPU
		{29943956-1A81-4ECB-9D7A-006A07DF1CAA}.Debug|Any CPU.ActiveCfg = Debug|Any CPU
		{29943956-1A81-4ECB-9D7A-006A07DF1CAA}.Debug|Any CPU.Build.0 = Debug|Any CPU
		{29943956-1A81-4ECB-9D7A-006A07DF1CAA}.Release|Any CPU.ActiveCfg = Release|Any CPU
		{29943956-1A81-4ECB-9D7A-006A07DF1CAA}.Release|Any CPU.Build.0 = Release|Any CPU
		{A6A2CB0D-5781-4247-B57D-05892E0A822B}.Debug|Any CPU.ActiveCfg = Debug|Any CPU
		{A6A2CB0D-5781-4247-B57D-05892E0A822B}.Debug|Any CPU.Build.0 = Debug|Any CPU
		{A6A2CB0D-5781-4247-B57D-05892E0A822B}.Release|Any CPU.ActiveCfg = Release|Any CPU
		{A6A2CB0D-5781-4247-B57D-05892E0A822B}.Release|Any CPU.Build.0 = Release|Any CPU
	EndGlobalSection
	GlobalSection(SolutionProperties) = preSolution
		HideSolutionNode = FALSE
	EndGlobalSection
	GlobalSection(ExtensibilityGlobals) = postSolution
		SolutionGuid = {35EB43F3-B1F9-4A6B-B82C-3D9C5C45678E}
	EndGlobalSection
EndGlobal
